{
    "_readme": [
        "This file locks the dependencies of your project to a known state",
        "Read more about it at https://getcomposer.org/doc/01-basic-usage.md#installing-dependencies",
        "This file is @generated automatically"
    ],
    "content-hash": "43bb4b5f892ce903cdbaa45b9b258125",
    "packages": [],
    "packages-dev": [
        {
            "name": "nikic/php-parser",
            "version": "v4.10.0",
            "source": {
                "type": "git",
                "url": "https://github.com/nikic/PHP-Parser.git",
                "reference": "1c13d05035deff45f1230ca68bd7d74d621762d9"
            },
            "dist": {
                "type": "zip",
                "url": "https://api.github.com/repos/nikic/PHP-Parser/zipball/1c13d05035deff45f1230ca68bd7d74d621762d9",
                "reference": "1c13d05035deff45f1230ca68bd7d74d621762d9",
                "shasum": ""
            },
            "require": {
                "ext-tokenizer": "*",
                "php": ">=7.0"
            },
            "require-dev": {
                "ircmaxell/php-yacc": "^0.0.7",
                "phpunit/phpunit": "^6.5 || ^7.0 || ^8.0 || ^9.0"
            },
            "bin": [
                "bin/php-parse"
            ],
            "type": "library",
            "extra": {
                "branch-alias": {
                    "dev-master": "4.9-dev"
                }
            },
            "autoload": {
                "psr-4": {
                    "PhpParser\\": "lib/PhpParser"
                }
            },
            "notification-url": "https://packagist.org/downloads/",
            "license": [
                "BSD-3-Clause"
            ],
            "authors": [
                {
                    "name": "Nikita Popov"
                }
            ],
            "description": "A PHP parser written in PHP",
            "keywords": [
                "parser",
                "php"
            ],
            "support": {
                "issues": "https://github.com/nikic/PHP-Parser/issues",
                "source": "https://github.com/nikic/PHP-Parser/tree/v4.10.0"
            },
            "time": "2020-09-19T14:52:48+00:00"
        },
        {
            "name": "prestashop/autoindex",
            "version": "v2.0.0",
            "source": {
                "type": "git",
                "url": "https://github.com/PrestaShopCorp/autoindex.git",
                "reference": "355c224de4ca8766d63a038dcdcb24f56cb19fec"
            },
            "dist": {
                "type": "zip",
                "url": "https://api.github.com/repos/PrestaShopCorp/autoindex/zipball/355c224de4ca8766d63a038dcdcb24f56cb19fec",
                "reference": "355c224de4ca8766d63a038dcdcb24f56cb19fec",
                "shasum": ""
            },
            "require": {
                "nikic/php-parser": "^4.10",
                "php": ">=7.2",
                "symfony/console": "^3.4 || ~4.0 || ~5.0",
                "symfony/finder": "^3.4 || ~4.0 || ~5.0"
            },
            "require-dev": {
                "phpstan/phpstan": "^0.12.83",
                "prestashop/php-dev-tools": "1.*"
            },
            "bin": [
                "bin/autoindex"
            ],
            "type": "library",
            "autoload": {
                "psr-4": {
                    "PrestaShop\\AutoIndex\\": "src/"
                }
            },
            "notification-url": "https://packagist.org/downloads/",
            "license": [
                "AFL-3.0"
            ],
            "authors": [
                {
                    "name": "PrestaShop SA",
                    "email": "contact@prestashop.com"
                }
            ],
            "description": "Automatically add an 'index.php' in all the current or specified directories and all sub-directories.",
            "homepage": "https://github.com/PrestaShopCorp/autoindex",
            "support": {
                "source": "https://github.com/PrestaShopCorp/autoindex/tree/v2.0.0"
            },
            "time": "2021-06-09T15:37:17+00:00"
        },
        {
            "name": "symfony/console",
            "version": "v4.0.0",
            "source": {
                "type": "git",
                "url": "https://github.com/symfony/console.git",
                "reference": "5cd0dd461dfc72f59c8405cac32d31e82c7348e8"
            },
            "dist": {
                "type": "zip",
                "url": "https://api.github.com/repos/symfony/console/zipball/5cd0dd461dfc72f59c8405cac32d31e82c7348e8",
                "reference": "5cd0dd461dfc72f59c8405cac32d31e82c7348e8",
                "shasum": ""
            },
            "require": {
                "php": "^7.1.3",
                "symfony/polyfill-mbstring": "~1.0"
            },
            "conflict": {
                "symfony/dependency-injection": "<3.4",
                "symfony/process": "<3.3"
            },
            "require-dev": {
                "psr/log": "~1.0",
                "symfony/config": "~3.4|~4.0",
                "symfony/dependency-injection": "~3.4|~4.0",
                "symfony/event-dispatcher": "~3.4|~4.0",
                "symfony/lock": "~3.4|~4.0",
                "symfony/process": "~3.4|~4.0"
            },
            "suggest": {
                "psr/log": "For using the console logger",
                "symfony/event-dispatcher": "",
                "symfony/lock": "",
                "symfony/process": ""
            },
            "type": "library",
            "extra": {
                "branch-alias": {
                    "dev-master": "4.0-dev"
                }
            },
            "autoload": {
                "psr-4": {
                    "Symfony\\Component\\Console\\": ""
                },
                "exclude-from-classmap": [
                    "/Tests/"
                ]
            },
            "notification-url": "https://packagist.org/downloads/",
            "license": [
                "MIT"
            ],
            "authors": [
                {
                    "name": "Fabien Potencier",
                    "email": "fabien@symfony.com"
                },
                {
                    "name": "Symfony Community",
                    "homepage": "https://symfony.com/contributors"
                }
            ],
            "description": "Symfony Console Component",
            "homepage": "https://symfony.com",
            "support": {
                "source": "https://github.com/symfony/console/tree/4.0"
            },
            "time": "2017-11-29T13:42:03+00:00"
        },
        {
            "name": "symfony/finder",
            "version": "v4.0.0",
            "source": {
                "type": "git",
                "url": "https://github.com/symfony/finder.git",
                "reference": "c9cdda4dc4a3182d8d6daeebce4a25fef078ea4c"
            },
            "dist": {
                "type": "zip",
                "url": "https://api.github.com/repos/symfony/finder/zipball/c9cdda4dc4a3182d8d6daeebce4a25fef078ea4c",
                "reference": "c9cdda4dc4a3182d8d6daeebce4a25fef078ea4c",
                "shasum": ""
            },
            "require": {
                "php": "^7.1.3"
            },
            "type": "library",
            "extra": {
                "branch-alias": {
                    "dev-master": "4.0-dev"
                }
            },
            "autoload": {
                "psr-4": {
                    "Symfony\\Component\\Finder\\": ""
                },
                "exclude-from-classmap": [
                    "/Tests/"
                ]
            },
            "notification-url": "https://packagist.org/downloads/",
            "license": [
                "MIT"
            ],
            "authors": [
                {
                    "name": "Fabien Potencier",
                    "email": "fabien@symfony.com"
                },
                {
                    "name": "Symfony Community",
                    "homepage": "https://symfony.com/contributors"
                }
            ],
            "description": "Symfony Finder Component",
            "homepage": "https://symfony.com",
            "support": {
                "source": "https://github.com/symfony/finder/tree/master"
            },
            "time": "2017-11-07T14:45:01+00:00"
        },
        {
            "name": "symfony/polyfill-mbstring",
            "version": "v1.23.1",
            "source": {
                "type": "git",
                "url": "https://github.com/symfony/polyfill-mbstring.git",
                "reference": "9174a3d80210dca8daa7f31fec659150bbeabfc6"
            },
            "dist": {
                "type": "zip",
                "url": "https://api.github.com/repos/symfony/polyfill-mbstring/zipball/9174a3d80210dca8daa7f31fec659150bbeabfc6",
                "reference": "9174a3d80210dca8daa7f31fec659150bbeabfc6",
                "shasum": ""
            },
            "require": {
                "php": ">=7.1"
            },
            "suggest": {
                "ext-mbstring": "For best performance"
            },
            "type": "library",
            "extra": {
                "branch-alias": {
                    "dev-main": "1.23-dev"
                },
                "thanks": {
                    "name": "symfony/polyfill",
                    "url": "https://github.com/symfony/polyfill"
                }
            },
            "autoload": {
                "psr-4": {
                    "Symfony\\Polyfill\\Mbstring\\": ""
                },
                "files": [
                    "bootstrap.php"
                ]
            },
            "notification-url": "https://packagist.org/downloads/",
            "license": [
                "MIT"
            ],
            "authors": [
                {
                    "name": "Nicolas Grekas",
                    "email": "p@tchwork.com"
                },
                {
                    "name": "Symfony Community",
                    "homepage": "https://symfony.com/contributors"
                }
            ],
            "description": "Symfony polyfill for the Mbstring extension",
            "homepage": "https://symfony.com",
            "keywords": [
                "compatibility",
                "mbstring",
                "polyfill",
                "portable",
                "shim"
            ],
            "support": {
                "source": "https://github.com/symfony/polyfill-mbstring/tree/v1.23.1"
            },
            "funding": [
                {
                    "url": "https://symfony.com/sponsor",
                    "type": "custom"
                },
                {
                    "url": "https://github.com/fabpot",
                    "type": "github"
                },
                {
                    "url": "https://tidelift.com/funding/github/packagist/symfony/symfony",
                    "type": "tidelift"
                }
            ],
            "time": "2021-05-27T12:26:48+00:00"
        }
    ],
    "aliases": [],
    "minimum-stability": "stable",
    "stability-flags": [],
    "prefer-stable": false,
    "prefer-lowest": false,
    "platform": [],
    "platform-dev": [],
    "plugin-api-version": "2.0.0"
}
